
Microsoft Visual Studio Solution File, Format Version 12.00
# Visual Studio Version 17
VisualStudioVersion = 17.5.001.0
MinimumVisualStudioVersion = 10.0.40219.1
Project("{9A19103F-16F7-4668-BE54-9A1E7A4F7556}") = "Cadastro", "Cadastro.csproj", "{EF495FC0-BE05-49D4-8140-823AEDDC9494}"
EndProject
Global
	GlobalSection(SolutionConfigurationPlatforms) = preSolution
		Debug|Any CPU = Debug|Any CPU
		Release|Any CPU = Release|Any CPU
	EndGlobalSection
	GlobalSection(ProjectConfigurationPlatforms) = postSolution
		{EF495FC0-BE05-49D4-8140-823AEDDC9494}.Debug|Any CPU.ActiveCfg = Debug|Any CPU
		{EF495FC0-BE05-49D4-8140-823AEDDC9494}.Debug|Any CPU.Build.0 = Debug|Any CPU
		{EF495FC0-BE05-49D4-8140-823AEDDC9494}.Release|Any CPU.ActiveCfg = Release|Any CPU
		{EF495FC0-BE05-49D4-8140-823AEDDC9494}.Release|Any CPU.Build.0 = Release|Any CPU
	EndGlobalSection
	GlobalSection(SolutionProperties) = preSolution
		HideSolutionNode = FALSE
	EndGlobalSection
	GlobalSection(ExtensibilityGlobals) = postSolution
		SolutionGuid = {960DF236-107D-4DAA-AF5C-5D19F6CC87EA}
	EndGlobalSection
EndGlobal
